# @generated by Move, please check-in and do not edit manually.

[move]
version = 3
manifest_digest = "E506B455C1CF1A834371534B739ECB523D3EEAC573FB413496596A9390C735D9"
deps_digest = "F8BBB0CCB2491CA29A3DF03D6F92277A4F3574266507ACD77214D37ECA3F3082"
dependencies = [
  { id = "Sui", name = "Sui" },
]

[[move.package]]
id = "MoveStdlib"
source = { git = "https://github.com/MystenLabs/sui.git", rev = "testnet", subdir = "crates/sui-framework/packages/move-stdlib" }

[[move.package]]
id = "Sui"
source = { git = "https://github.com/MystenLabs/sui.git", rev = "testnet", subdir = "crates/sui-framework/packages/sui-framework" }

dependencies = [
  { id = "MoveStdlib", name = "MoveStdlib" },
]

[move.toolchain-version]
compiler-version = "1.61.1"
edition = "2024.beta"
flavor = "sui"

[env]

[env.testnet]
chain-id = "4c78adac"
original-published-id = "0x80324b7924336645fc2435911e68c4d55ced4f2a5453294f468067839f07214f"
latest-published-id = "0x99d20af49c3066ef9cb28b88c24256107e6bbf36d622773fa6000c2dcdc5df21"
published-version = "2"
